PODS:
  - Alamofire (4.8.1)
  - BigInt (3.1.0):
    - SipHash (~> 1.2)
  - Cuckoo (0.12.1)
  - GRDB.swift (3.6.2)
  - HSCryptoKit (1.3.0)
  - HSHDWalletKit (1.0.4):
    - HSCryptoKit (~> 1.3.0)
  - Nimble (8.0.1)
  - ObjectMapper (3.4.2)
  - Quick (2.0.0)
  - RxAtomic (4.4.2)
  - RxBlocking (4.4.2):
    - RxAtomic (>= 4.4.2, ~> 4.4)
    - RxSwift (>= 4.4.2, ~> 4.4)
  - RxSwift (4.4.2):
    - RxAtomic (>= 4.4.2, ~> 4.4)
  - SipHash (1.2.2)

DEPENDENCIES:
  - Alamofire (~> 4.8.0)
  - BigInt (~> 3.1.0)
  - Cuckoo
  - GRDB.swift (~> 3.6.2)
  - HSCryptoKit (~> 1.3.0)
  - HSHDWalletKit (from `https://github.com/r00li/hd-wallet-kit-ios.git`, branch `master`)
  - Nimble
  - ObjectMapper (~> 3.4.0)
  - Quick
  - RxBlocking (~> 4.0)
  - RxSwift (~> 4.0)

SPEC REPOS:
  https://github.com/cocoapods/specs.git:
    - Alamofire
    - BigInt
    - Cuckoo
    - GRDB.swift
    - HSCryptoKit
    - Nimble
    - ObjectMapper
    - Quick
    - RxAtomic
    - RxBlocking
    - RxSwift
    - SipHash

EXTERNAL SOURCES:
  HSHDWalletKit:
    :branch: master
    :git: https://github.com/r00li/hd-wallet-kit-ios.git

CHECKOUT OPTIONS:
  HSHDWalletKit:
    :commit: 700bfefdb2e8a1bacad8bada909244c70816d4e2
    :git: https://github.com/r00li/hd-wallet-kit-ios.git

SPEC CHECKSUMS:
  Alamofire: 16ce2c353fb72865124ddae8a57c5942388f4f11
  BigInt: 76b5dfdfa3e2e478d4ffdf161aeede5502e2742f
  Cuckoo: 2f10364798baa4b0d4aacabfa475249cf29977bc
  GRDB.swift: e10787d857b6b8135354b9e08fb23b4bb8e2fab7
  HSCryptoKit: 564a3888691658cba58aa60f7d037654fd3c6fb0
  HSHDWalletKit: e09162c2bb121c9db9b0cf203bd93b40965aad74
  Nimble: 45f786ae66faa9a709624227fae502db55a8bdd0
  ObjectMapper: 0d4402610f4e468903ae64629eec4784531e5c51
  Quick: ce1276c7c27ba2da3cb2fd0cde053c3648b3b22d
  RxAtomic: d00e97c10db88c6f08540e0bf2752fc5a2404167
  RxBlocking: e96fdda1473d81332a6ed2cface935dc2167a122
  RxSwift: 74c29b693c8e42b0f64400e8b06564575742d649
  SipHash: fad90a4683e420c52ef28063063dbbce248ea6d4

PODFILE CHECKSUM: cc63e330f2ae85b9555e44c467024af9c15842f3

COCOAPODS: 1.5.3
